
Microsoft Visual Studio Solution File, Format Version 12.00
# Visual Studio Version 16
VisualStudioVersion = 16.0.29209.152
MinimumVisualStudioVersion = 10.0.40219.1
Project("{FAE04EC0-301F-11D3-BF4B-00C04F79EFBC}") = "Feedback.Web", "Feedback.Web\Feedback.Web.csproj", "{EF8D8534-4262-4E6D-B3D1-DA5533DDBDEC}"
EndProject
Project("{FAE04EC0-301F-11D3-BF4B-00C04F79EFBC}") = "Feedback.API", "Feedback.API\Feedback.API.csproj", "{92AD3E7C-7774-44D9-BDD5-794E26D515CA}"
EndProject
Project("{FAE04EC0-301F-11D3-BF4B-00C04F79EFBC}") = "Feedback.Services", "Feedback.Services\Feedback.Services.csproj", "{59105803-21BE-4AB1-BDD3-559FE5428AF4}"
EndProject
Global
	GlobalSection(SolutionConfigurationPlatforms) = preSolution
		Debug|Any CPU = Debug|Any CPU
		Release|Any CPU = Release|Any CPU
	EndGlobalSection
	GlobalSection(ProjectConfigurationPlatforms) = postSolution
		{EF8D8534-4262-4E6D-B3D1-DA5533DDBDEC}.Debug|Any CPU.ActiveCfg = Debug|Any CPU
		{EF8D8534-4262-4E6D-B3D1-DA5533DDBDEC}.Debug|Any CPU.Build.0 = Debug|Any CPU
		{EF8D8534-4262-4E6D-B3D1-DA5533DDBDEC}.Release|Any CPU.ActiveCfg = Release|Any CPU
		{EF8D8534-4262-4E6D-B3D1-DA5533DDBDEC}.Release|Any CPU.Build.0 = Release|Any CPU
		{92AD3E7C-7774-44D9-BDD5-794E26D515CA}.Debug|Any CPU.ActiveCfg = Debug|Any CPU
		{92AD3E7C-7774-44D9-BDD5-794E26D515CA}.Debug|Any CPU.Build.0 = Debug|Any CPU
		{92AD3E7C-7774-44D9-BDD5-794E26D515CA}.Release|Any CPU.ActiveCfg = Release|Any CPU
		{92AD3E7C-7774-44D9-BDD5-794E26D515CA}.Release|Any CPU.Build.0 = Release|Any CPU
		{59105803-21BE-4AB1-BDD3-559FE5428AF4}.Debug|Any CPU.ActiveCfg = Debug|Any CPU
		{59105803-21BE-4AB1-BDD3-559FE5428AF4}.Debug|Any CPU.Build.0 = Debug|Any CPU
		{59105803-21BE-4AB1-BDD3-559FE5428AF4}.Release|Any CPU.ActiveCfg = Release|Any CPU
		{59105803-21BE-4AB1-BDD3-559FE5428AF4}.Release|Any CPU.Build.0 = Release|Any CPU
	EndGlobalSection
	GlobalSection(SolutionProperties) = preSolution
		HideSolutionNode = FALSE
	EndGlobalSection
	GlobalSection(ExtensibilityGlobals) = postSolution
		SolutionGuid = {7EBB7420-027B-4C49-ABB3-2878254892AF}
	EndGlobalSection
EndGlobal
