
Microsoft Visual Studio Solution File, Format Version 12.00
# Visual Studio Version 16
VisualStudioVersion = 16.0.29209.152
MinimumVisualStudioVersion = 10.0.40219.1
Project("{9A19103F-16F7-4668-BE54-9A1E7A4F7556}") = "Feedback.UserInterface", "Feedback.Web\Feedback.UserInterface.csproj", "{EF8D8534-4262-4E6D-B3D1-DA5533DDBDEC}"
EndProject
Project("{9A19103F-16F7-4668-BE54-9A1E7A4F7556}") = "Feedback.API", "Feedback.API\Feedback.API.csproj", "{92AD3E7C-7774-44D9-BDD5-794E26D515CA}"
EndProject
Project("{9A19103F-16F7-4668-BE54-9A1E7A4F7556}") = "Feedback.Database", "Feedback.Database\Feedback.Database.csproj", "{1E290CBF-6373-4F7C-81A2-944B23FB9367}"
EndProject
Global
	GlobalSection(SolutionConfigurationPlatforms) = preSolution
		Debug|Any CPU = Debug|Any CPU
		Release|Any CPU = Release|Any CPU
	EndGlobalSection
	GlobalSection(ProjectConfigurationPlatforms) = postSolution
		{EF8D8534-4262-4E6D-B3D1-DA5533DDBDEC}.Debug|Any CPU.ActiveCfg = Debug|Any CPU
		{EF8D8534-4262-4E6D-B3D1-DA5533DDBDEC}.Debug|Any CPU.Build.0 = Debug|Any CPU
		{EF8D8534-4262-4E6D-B3D1-DA5533DDBDEC}.Release|Any CPU.ActiveCfg = Release|Any CPU
		{EF8D8534-4262-4E6D-B3D1-DA5533DDBDEC}.Release|Any CPU.Build.0 = Release|Any CPU
		{92AD3E7C-7774-44D9-BDD5-794E26D515CA}.Debug|Any CPU.ActiveCfg = Debug|Any CPU
		{92AD3E7C-7774-44D9-BDD5-794E26D515CA}.Debug|Any CPU.Build.0 = Debug|Any CPU
		{92AD3E7C-7774-44D9-BDD5-794E26D515CA}.Release|Any CPU.ActiveCfg = Release|Any CPU
		{92AD3E7C-7774-44D9-BDD5-794E26D515CA}.Release|Any CPU.Build.0 = Release|Any CPU
		{1E290CBF-6373-4F7C-81A2-944B23FB9367}.Debug|Any CPU.ActiveCfg = Debug|Any CPU
		{1E290CBF-6373-4F7C-81A2-944B23FB9367}.Debug|Any CPU.Build.0 = Debug|Any CPU
		{1E290CBF-6373-4F7C-81A2-944B23FB9367}.Release|Any CPU.ActiveCfg = Release|Any CPU
		{1E290CBF-6373-4F7C-81A2-944B23FB9367}.Release|Any CPU.Build.0 = Release|Any CPU
	EndGlobalSection
	GlobalSection(SolutionProperties) = preSolution
		HideSolutionNode = FALSE
	EndGlobalSection
	GlobalSection(ExtensibilityGlobals) = postSolution
		SolutionGuid = {7EBB7420-027B-4C49-ABB3-2878254892AF}
	EndGlobalSection
EndGlobal
