
Microsoft Visual Studio Solution File, Format Version 12.00
# Visual Studio Version 16
VisualStudioVersion = 16.0.29209.152
MinimumVisualStudioVersion = 10.0.40219.1
Project("{FAE04EC0-301F-11D3-BF4B-00C04F79EFBC}") = "Feedback.API", "Feedback.API\Feedback.API.csproj", "{3DB9359B-8AD1-44D9-9520-00ECF3950AA8}"
EndProject
Project("{FAE04EC0-301F-11D3-BF4B-00C04F79EFBC}") = "Feedback.Web", "Feedback.Web\Feedback.Web.csproj", "{5EC156E1-54AB-43FE-AD88-4BDC3D60A7E6}"
EndProject
Project("{FAE04EC0-301F-11D3-BF4B-00C04F79EFBC}") = "Feedback.Services", "Feedback.Services\Feedback.Services.csproj", "{94DFCFF6-05B7-4079-87EB-58ACEBB217DA}"
EndProject
Global
	GlobalSection(SolutionConfigurationPlatforms) = preSolution
		Debug|Any CPU = Debug|Any CPU
		Release|Any CPU = Release|Any CPU
	EndGlobalSection
	GlobalSection(ProjectConfigurationPlatforms) = postSolution
		{3DB9359B-8AD1-44D9-9520-00ECF3950AA8}.Debug|Any CPU.ActiveCfg = Debug|Any CPU
		{3DB9359B-8AD1-44D9-9520-00ECF3950AA8}.Debug|Any CPU.Build.0 = Debug|Any CPU
		{3DB9359B-8AD1-44D9-9520-00ECF3950AA8}.Release|Any CPU.ActiveCfg = Release|Any CPU
		{3DB9359B-8AD1-44D9-9520-00ECF3950AA8}.Release|Any CPU.Build.0 = Release|Any CPU
		{5EC156E1-54AB-43FE-AD88-4BDC3D60A7E6}.Debug|Any CPU.ActiveCfg = Debug|Any CPU
		{5EC156E1-54AB-43FE-AD88-4BDC3D60A7E6}.Debug|Any CPU.Build.0 = Debug|Any CPU
		{5EC156E1-54AB-43FE-AD88-4BDC3D60A7E6}.Release|Any CPU.ActiveCfg = Release|Any CPU
		{5EC156E1-54AB-43FE-AD88-4BDC3D60A7E6}.Release|Any CPU.Build.0 = Release|Any CPU
		{94DFCFF6-05B7-4079-87EB-58ACEBB217DA}.Debug|Any CPU.ActiveCfg = Debug|Any CPU
		{94DFCFF6-05B7-4079-87EB-58ACEBB217DA}.Debug|Any CPU.Build.0 = Debug|Any CPU
		{94DFCFF6-05B7-4079-87EB-58ACEBB217DA}.Release|Any CPU.ActiveCfg = Release|Any CPU
		{94DFCFF6-05B7-4079-87EB-58ACEBB217DA}.Release|Any CPU.Build.0 = Release|Any CPU
	EndGlobalSection
	GlobalSection(SolutionProperties) = preSolution
		HideSolutionNode = FALSE
	EndGlobalSection
	GlobalSection(ExtensibilityGlobals) = postSolution
		SolutionGuid = {7EBB7420-027B-4C49-ABB3-2878254892AF}
	EndGlobalSection
EndGlobal
