
Microsoft Visual Studio Solution File, Format Version 12.00
# Visual Studio Version 16
VisualStudioVersion = 16.0.29209.152
MinimumVisualStudioVersion = 10.0.40219.1
Project("{FAE04EC0-301F-11D3-BF4B-00C04F79EFBC}") = "HackathonFeedbackApp", "HackathonFeedbackApp\HackathonFeedbackApp.csproj", "{F1AA23BB-2F4B-444C-A721-257357E936D9}"
EndProject
Global
	GlobalSection(SolutionConfigurationPlatforms) = preSolution
		Debug|Any CPU = Debug|Any CPU
		Release|Any CPU = Release|Any CPU
	EndGlobalSection
	GlobalSection(ProjectConfigurationPlatforms) = postSolution
		{F1AA23BB-2F4B-444C-A721-257357E936D9}.Debug|Any CPU.ActiveCfg = Debug|Any CPU
		{F1AA23BB-2F4B-444C-A721-257357E936D9}.Debug|Any CPU.Build.0 = Debug|Any CPU
		{F1AA23BB-2F4B-444C-A721-257357E936D9}.Release|Any CPU.ActiveCfg = Release|Any CPU
		{F1AA23BB-2F4B-444C-A721-257357E936D9}.Release|Any CPU.Build.0 = Release|Any CPU
	EndGlobalSection
	GlobalSection(SolutionProperties) = preSolution
		HideSolutionNode = FALSE
	EndGlobalSection
	GlobalSection(ExtensibilityGlobals) = postSolution
		SolutionGuid = {7EBB7420-027B-4C49-ABB3-2878254892AF}
	EndGlobalSection
EndGlobal
